
Microsoft Visual Studio Solution File, Format Version 12.00
# Visual Studio Version 16
VisualStudioVersion = 16.0.29215.179
MinimumVisualStudioVersion = 10.0.40219.1
Project("{9A19103F-16F7-4668-BE54-9A1E7A4F7556}") = "Lib.Storage.EntityFramework.IntegrationTest", "tst\Lib.Storage.EntityFramework.IntegrationTest\Lib.Storage.EntityFramework.IntegrationTest.csproj", "{B29A0780-CBB0-4DA3-B7DB-84F83C578912}"
EndProject
Global
	GlobalSection(SolutionConfigurationPlatforms) = preSolution
		Debug|Any CPU = Debug|Any CPU
	EndGlobalSection
	GlobalSection(ProjectConfigurationPlatforms) = postSolution
		{B29A0780-CBB0-4DA3-B7DB-84F83C578912}.Debug|Any CPU.ActiveCfg = Debug|Any CPU
		{B29A0780-CBB0-4DA3-B7DB-84F83C578912}.Debug|Any CPU.Build.0 = Debug|Any CPU
	EndGlobalSection
	GlobalSection(SolutionProperties) = preSolution
		HideSolutionNode = FALSE
	EndGlobalSection
	GlobalSection(ExtensibilityGlobals) = postSolution
		SolutionGuid = {2DB3D086-9EE5-4357-9469-AE3DCDF4E3F4}
	EndGlobalSection
EndGlobal
