
Microsoft Visual Studio Solution File, Format Version 12.00
# Visual Studio Version 16
VisualStudioVersion = 16.0.29102.190
MinimumVisualStudioVersion = 10.0.40219.1
Project("{2150E333-8FDC-42A3-9474-1A3956D46DE8}") = "Packages", "Packages", "{A372A52E-55A8-4077-A2E0-308958473DE8}"
	ProjectSection(SolutionItems) = preProject
		pack\Directory.Build.props = pack\Directory.Build.props
		pack\Directory.Build.targets = pack\Directory.Build.targets
	EndProjectSection
EndProject
Project("{FAE04EC0-301F-11D3-BF4B-00C04F79EFBC}") = "Package.Core", "pack\Package.Core\Package.Core.csproj", "{6FD49E69-BB0F-48EA-9559-18C93509EFE6}"
EndProject
Project("{2150E333-8FDC-42A3-9474-1A3956D46DE8}") = "Solution Items", "Solution Items", "{B0FE2B7B-B293-42E2-9E0E-BA046688FDE6}"
	ProjectSection(SolutionItems) = preProject
		Clean.cmd = Clean.cmd
		CleanObjAndRestore.cmd = CleanObjAndRestore.cmd
		pipeline.yml = pipeline.yml
		build.yml = build.yml
		release.yml = release.yml
		Solution.Build.props = Solution.Build.props
		ReadMe.md = ReadMe.md
	EndProjectSection
EndProject
Project("{2150E333-8FDC-42A3-9474-1A3956D46DE8}") = "Sources", "Sources", "{975B2577-1364-4568-8B2B-823FD61F54E6}"
	ProjectSection(SolutionItems) = preProject
		src\Directory.Build.props = src\Directory.Build.props
		src\Directory.Build.targets = src\Directory.Build.targets
	EndProjectSection
EndProject
Project("{2150E333-8FDC-42A3-9474-1A3956D46DE8}") = "Core", "Core", "{6BE2F824-2AC4-4050-AA7A-AD0F4119F391}"
EndProject
Project("{FAE04EC0-301F-11D3-BF4B-00C04F79EFBC}") = "Lib.Checks", "src\Lib.Checks\Lib.Checks.csproj", "{FC239F7F-63CE-4C00-984B-3EDAE5505BBC}"
EndProject
Project("{FAE04EC0-301F-11D3-BF4B-00C04F79EFBC}") = "Lib.Collections", "src\Lib.Collections\Lib.Collections.csproj", "{DA8C3873-00F6-4E9E-91A1-92C63EB50198}"
EndProject
Project("{9A19103F-16F7-4668-BE54-9A1E7A4F7556}") = "Lib.Core", "src\Lib.Core\Lib.Core.csproj", "{9E151E56-BE25-460A-BE85-9CB4C4DC5FDA}"
EndProject
Project("{FAE04EC0-301F-11D3-BF4B-00C04F79EFBC}") = "Lib.Core.Json.Newtonsoft", "src\Lib.Core.Json.Newtonsoft\Lib.Core.Json.Newtonsoft.csproj", "{25ED5803-FA1D-4158-AB95-31C62D4447DC}"
EndProject
Project("{FAE04EC0-301F-11D3-BF4B-00C04F79EFBC}") = "Lib.Core.SimpleInjector", "src\Lib.Core.SimpleInjector\Lib.Core.SimpleInjector.csproj", "{644F94BF-7650-4C98-8BF5-CCE7B082EAE6}"
EndProject
Project("{FAE04EC0-301F-11D3-BF4B-00C04F79EFBC}") = "Lib.Extensions", "src\Lib.Extensions\Lib.Extensions.csproj", "{2A604E55-246A-49A2-AD99-E91F4E1FC950}"
EndProject
Project("{FAE04EC0-301F-11D3-BF4B-00C04F79EFBC}") = "Lib.Intervals", "src\Lib.Intervals\Lib.Intervals.csproj", "{2AB8BA23-9581-4128-8A03-303E82FFFAC5}"
EndProject
Project("{FAE04EC0-301F-11D3-BF4B-00C04F79EFBC}") = "Lib.Linq", "src\Lib.Linq\Lib.Linq.csproj", "{ACCA5E40-CEE2-4C51-A8D2-5E05FF19D742}"
EndProject
Project("{9A19103F-16F7-4668-BE54-9A1E7A4F7556}") = "Lib.Mvc", "src\Lib.Mvc\Lib.Mvc.csproj", "{7B114F02-7081-4D67-B4FD-9C45EECA9994}"
EndProject
Project("{FAE04EC0-301F-11D3-BF4B-00C04F79EFBC}") = "Lib.Mvc.Rendering", "src\Lib.Mvc.Rendering\Lib.Mvc.Rendering.csproj", "{F88DE75A-9C8F-4581-83BC-048D2E519FC4}"
EndProject
Project("{FAE04EC0-301F-11D3-BF4B-00C04F79EFBC}") = "Lib.Ordering", "src\Lib.Ordering\Lib.Ordering.csproj", "{06AE84EB-92B3-493D-93E5-D66B79D6AD72}"
EndProject
Project("{FAE04EC0-301F-11D3-BF4B-00C04F79EFBC}") = "Lib.Patterns", "src\Lib.Patterns\Lib.Patterns.csproj", "{D3B33142-6154-45B5-A2E9-AC3940B49455}"
EndProject
Project("{FAE04EC0-301F-11D3-BF4B-00C04F79EFBC}") = "Lib.Patterns.Converters", "src\Lib.Patterns.Converters\Lib.Patterns.Converters.csproj", "{00B4AB82-5754-4DCE-83F8-609CF4C2D811}"
EndProject
Project("{FAE04EC0-301F-11D3-BF4B-00C04F79EFBC}") = "Lib.Trees", "src\Lib.Trees\Lib.Trees.csproj", "{6B32DD19-1BEE-4D8A-BAFF-6A1705271695}"
EndProject
Project("{FAE04EC0-301F-11D3-BF4B-00C04F79EFBC}") = "Lib.Types", "src\Lib.Types\Lib.Types.csproj", "{5E85C172-C04A-4751-A0A2-B6AFF6E0B9C6}"
EndProject
Project("{2150E333-8FDC-42A3-9474-1A3956D46DE8}") = "Design", "Design", "{7DBC5232-A207-40CB-B17C-73FB3ECF1FF5}"
EndProject
Project("{9A19103F-16F7-4668-BE54-9A1E7A4F7556}") = "Lib.Domain", "src\Lib.Domain\Lib.Domain.csproj", "{E90ECC0A-E98E-43B4-AA11-2052158DF9ED}"
EndProject
Project("{FAE04EC0-301F-11D3-BF4B-00C04F79EFBC}") = "Lib.Domain.Data", "src\Lib.Domain.Data\Lib.Domain.Data.csproj", "{1577A944-FCE5-45A5-808F-501EA5EA7E5F}"
EndProject
Project("{FAE04EC0-301F-11D3-BF4B-00C04F79EFBC}") = "Lib.Storage", "src\Lib.Storage\Lib.Storage.csproj", "{B1D773FE-367E-4471-81A5-5A74396F7171}"
EndProject
Project("{FAE04EC0-301F-11D3-BF4B-00C04F79EFBC}") = "Lib.Storage.Data", "src\Lib.Storage.Data\Lib.Storage.Data.csproj", "{1BB50FC3-EBA2-477A-8D7A-569D7D7E1850}"
EndProject
Project("{9A19103F-16F7-4668-BE54-9A1E7A4F7556}") = "Lib.Storage.EntityFramework", "src\Lib.Storage.EntityFramework\Lib.Storage.EntityFramework.csproj", "{43E9D50B-71E2-4477-8432-3D624C053F48}"
EndProject
Project("{FAE04EC0-301F-11D3-BF4B-00C04F79EFBC}") = "Lib.Storage.EntityFramework.SimpleInjector", "src\Lib.Storage.EntityFramework.SimpleInjector\Lib.Storage.EntityFramework.SimpleInjector.csproj", "{408220C0-5974-4E1F-8EC1-5771C8EAE9F5}"
EndProject
Project("{2150E333-8FDC-42A3-9474-1A3956D46DE8}") = "Testing", "Testing", "{91F9C11A-778B-414B-81AF-26A742E39E65}"
EndProject
Project("{9A19103F-16F7-4668-BE54-9A1E7A4F7556}") = "Lib.TestTools.Core", "src\Lib.TestTools.Core\Lib.TestTools.Core.csproj", "{62005B85-5871-459D-B91B-07294BD73BE4}"
EndProject
Project("{FAE04EC0-301F-11D3-BF4B-00C04F79EFBC}") = "Lib.TestTools.SimpleInjector", "src\Lib.TestTools.SimpleInjector\Lib.TestTools.SimpleInjector.csproj", "{CF18AF45-816E-43D8-882D-A433953FDBBE}"
EndProject
Project("{2150E333-8FDC-42A3-9474-1A3956D46DE8}") = "Tests", "Tests", "{3C147EE5-5838-4CCD-8807-B98C4ED97076}"
	ProjectSection(SolutionItems) = preProject
		tst\Directory.Build.props = tst\Directory.Build.props
		tst\Directory.Build.targets = tst\Directory.Build.targets
	EndProjectSection
EndProject
Project("{9A19103F-16F7-4668-BE54-9A1E7A4F7556}") = "Lib.Core.PerfTest", "tst\Lib.Core.PerfTest\Lib.Core.PerfTest.csproj", "{5B56ECA4-7F08-4A7E-A95D-836309B83509}"
EndProject
Project("{9A19103F-16F7-4668-BE54-9A1E7A4F7556}") = "Lib.Core.Test", "tst\Lib.Core.Test\Lib.Core.Test.csproj", "{B4C98C98-F969-4D9C-A9D0-E50D4FC6F7F7}"
EndProject
Project("{FAE04EC0-301F-11D3-BF4B-00C04F79EFBC}") = "Lib.Design.Test", "tst\Lib.Design.Test\Lib.Design.Test.csproj", "{44360451-86E3-4277-8D0D-436400775DC9}"
EndProject
Project("{9A19103F-16F7-4668-BE54-9A1E7A4F7556}") = "Lib.Storage.EntityFramework.IntegrationTest", "tst\Lib.Storage.EntityFramework.IntegrationTest\Lib.Storage.EntityFramework.IntegrationTest.csproj", "{2B025165-B39A-4881-9F44-E984CFDABE4E}"
EndProject
Project("{2150E333-8FDC-42A3-9474-1A3956D46DE8}") = "doc", "doc", "{F5EB19D9-24A9-4177-BEBF-4F3108A13E43}"
	ProjectSection(SolutionItems) = preProject
		doc\Semantica.Lib Core dependencies.png = doc\Semantica.Lib Core dependencies.png
		doc\members.md = doc\members.md
		ReadMe.md = ReadMe.md
	EndProjectSection
EndProject
Project("{FAE04EC0-301F-11D3-BF4B-00C04F79EFBC}") = "Lib.Design.Examples", "tst\Lib.Design.Examples\Lib.Design.Examples.csproj", "{EE01118F-ED7E-4074-8F17-F50FE75EAB8A}"
EndProject
Project("{FAE04EC0-301F-11D3-BF4B-00C04F79EFBC}") = "Lib.Storage.StoredProcedures", "src\Lib.Storage.StoredProcedures\Lib.Storage.StoredProcedures.csproj", "{DABE5421-FD0D-4F7C-9023-E0C79301A6D0}"
EndProject
Global
	GlobalSection(SolutionConfigurationPlatforms) = preSolution
		Debug|Any CPU = Debug|Any CPU
		Release|Any CPU = Release|Any CPU
	EndGlobalSection
	GlobalSection(ProjectConfigurationPlatforms) = postSolution
		{9E151E56-BE25-460A-BE85-9CB4C4DC5FDA}.Debug|Any CPU.ActiveCfg = Debug|Any CPU
		{9E151E56-BE25-460A-BE85-9CB4C4DC5FDA}.Debug|Any CPU.Build.0 = Debug|Any CPU
		{9E151E56-BE25-460A-BE85-9CB4C4DC5FDA}.Release|Any CPU.ActiveCfg = Release|Any CPU
		{9E151E56-BE25-460A-BE85-9CB4C4DC5FDA}.Release|Any CPU.Build.0 = Release|Any CPU
		{E90ECC0A-E98E-43B4-AA11-2052158DF9ED}.Debug|Any CPU.ActiveCfg = Debug|Any CPU
		{E90ECC0A-E98E-43B4-AA11-2052158DF9ED}.Debug|Any CPU.Build.0 = Debug|Any CPU
		{E90ECC0A-E98E-43B4-AA11-2052158DF9ED}.Release|Any CPU.ActiveCfg = Release|Any CPU
		{E90ECC0A-E98E-43B4-AA11-2052158DF9ED}.Release|Any CPU.Build.0 = Release|Any CPU
		{7B114F02-7081-4D67-B4FD-9C45EECA9994}.Debug|Any CPU.ActiveCfg = Debug|Any CPU
		{7B114F02-7081-4D67-B4FD-9C45EECA9994}.Debug|Any CPU.Build.0 = Debug|Any CPU
		{7B114F02-7081-4D67-B4FD-9C45EECA9994}.Release|Any CPU.ActiveCfg = Release|Any CPU
		{7B114F02-7081-4D67-B4FD-9C45EECA9994}.Release|Any CPU.Build.0 = Release|Any CPU
		{43E9D50B-71E2-4477-8432-3D624C053F48}.Debug|Any CPU.ActiveCfg = Debug|Any CPU
		{43E9D50B-71E2-4477-8432-3D624C053F48}.Debug|Any CPU.Build.0 = Debug|Any CPU
		{43E9D50B-71E2-4477-8432-3D624C053F48}.Release|Any CPU.ActiveCfg = Release|Any CPU
		{43E9D50B-71E2-4477-8432-3D624C053F48}.Release|Any CPU.Build.0 = Release|Any CPU
		{5B56ECA4-7F08-4A7E-A95D-836309B83509}.Debug|Any CPU.ActiveCfg = Debug|Any CPU
		{5B56ECA4-7F08-4A7E-A95D-836309B83509}.Debug|Any CPU.Build.0 = Debug|Any CPU
		{5B56ECA4-7F08-4A7E-A95D-836309B83509}.Release|Any CPU.ActiveCfg = Release|Any CPU
		{5B56ECA4-7F08-4A7E-A95D-836309B83509}.Release|Any CPU.Build.0 = Release|Any CPU
		{B4C98C98-F969-4D9C-A9D0-E50D4FC6F7F7}.Debug|Any CPU.ActiveCfg = Debug|Any CPU
		{B4C98C98-F969-4D9C-A9D0-E50D4FC6F7F7}.Debug|Any CPU.Build.0 = Debug|Any CPU
		{B4C98C98-F969-4D9C-A9D0-E50D4FC6F7F7}.Release|Any CPU.ActiveCfg = Release|Any CPU
		{B4C98C98-F969-4D9C-A9D0-E50D4FC6F7F7}.Release|Any CPU.Build.0 = Release|Any CPU
		{2B025165-B39A-4881-9F44-E984CFDABE4E}.Debug|Any CPU.ActiveCfg = Debug|Any CPU
		{2B025165-B39A-4881-9F44-E984CFDABE4E}.Debug|Any CPU.Build.0 = Debug|Any CPU
		{2B025165-B39A-4881-9F44-E984CFDABE4E}.Release|Any CPU.ActiveCfg = Release|Any CPU
		{2B025165-B39A-4881-9F44-E984CFDABE4E}.Release|Any CPU.Build.0 = Release|Any CPU
		{62005B85-5871-459D-B91B-07294BD73BE4}.Debug|Any CPU.ActiveCfg = Debug|Any CPU
		{62005B85-5871-459D-B91B-07294BD73BE4}.Debug|Any CPU.Build.0 = Debug|Any CPU
		{62005B85-5871-459D-B91B-07294BD73BE4}.Release|Any CPU.ActiveCfg = Release|Any CPU
		{62005B85-5871-459D-B91B-07294BD73BE4}.Release|Any CPU.Build.0 = Release|Any CPU
		{5E85C172-C04A-4751-A0A2-B6AFF6E0B9C6}.Debug|Any CPU.ActiveCfg = Debug|Any CPU
		{5E85C172-C04A-4751-A0A2-B6AFF6E0B9C6}.Debug|Any CPU.Build.0 = Debug|Any CPU
		{5E85C172-C04A-4751-A0A2-B6AFF6E0B9C6}.Release|Any CPU.ActiveCfg = Release|Any CPU
		{5E85C172-C04A-4751-A0A2-B6AFF6E0B9C6}.Release|Any CPU.Build.0 = Release|Any CPU
		{2A604E55-246A-49A2-AD99-E91F4E1FC950}.Debug|Any CPU.ActiveCfg = Debug|Any CPU
		{2A604E55-246A-49A2-AD99-E91F4E1FC950}.Debug|Any CPU.Build.0 = Debug|Any CPU
		{2A604E55-246A-49A2-AD99-E91F4E1FC950}.Release|Any CPU.ActiveCfg = Release|Any CPU
		{2A604E55-246A-49A2-AD99-E91F4E1FC950}.Release|Any CPU.Build.0 = Release|Any CPU
		{2AB8BA23-9581-4128-8A03-303E82FFFAC5}.Debug|Any CPU.ActiveCfg = Debug|Any CPU
		{2AB8BA23-9581-4128-8A03-303E82FFFAC5}.Debug|Any CPU.Build.0 = Debug|Any CPU
		{2AB8BA23-9581-4128-8A03-303E82FFFAC5}.Release|Any CPU.ActiveCfg = Release|Any CPU
		{2AB8BA23-9581-4128-8A03-303E82FFFAC5}.Release|Any CPU.Build.0 = Release|Any CPU
		{ACCA5E40-CEE2-4C51-A8D2-5E05FF19D742}.Debug|Any CPU.ActiveCfg = Debug|Any CPU
		{ACCA5E40-CEE2-4C51-A8D2-5E05FF19D742}.Debug|Any CPU.Build.0 = Debug|Any CPU
		{ACCA5E40-CEE2-4C51-A8D2-5E05FF19D742}.Release|Any CPU.ActiveCfg = Release|Any CPU
		{ACCA5E40-CEE2-4C51-A8D2-5E05FF19D742}.Release|Any CPU.Build.0 = Release|Any CPU
		{D3B33142-6154-45B5-A2E9-AC3940B49455}.Debug|Any CPU.ActiveCfg = Debug|Any CPU
		{D3B33142-6154-45B5-A2E9-AC3940B49455}.Debug|Any CPU.Build.0 = Debug|Any CPU
		{D3B33142-6154-45B5-A2E9-AC3940B49455}.Release|Any CPU.ActiveCfg = Release|Any CPU
		{D3B33142-6154-45B5-A2E9-AC3940B49455}.Release|Any CPU.Build.0 = Release|Any CPU
		{6B32DD19-1BEE-4D8A-BAFF-6A1705271695}.Debug|Any CPU.ActiveCfg = Debug|Any CPU
		{6B32DD19-1BEE-4D8A-BAFF-6A1705271695}.Debug|Any CPU.Build.0 = Debug|Any CPU
		{6B32DD19-1BEE-4D8A-BAFF-6A1705271695}.Release|Any CPU.ActiveCfg = Release|Any CPU
		{6B32DD19-1BEE-4D8A-BAFF-6A1705271695}.Release|Any CPU.Build.0 = Release|Any CPU
		{F88DE75A-9C8F-4581-83BC-048D2E519FC4}.Debug|Any CPU.ActiveCfg = Debug|Any CPU
		{F88DE75A-9C8F-4581-83BC-048D2E519FC4}.Debug|Any CPU.Build.0 = Debug|Any CPU
		{F88DE75A-9C8F-4581-83BC-048D2E519FC4}.Release|Any CPU.ActiveCfg = Release|Any CPU
		{F88DE75A-9C8F-4581-83BC-048D2E519FC4}.Release|Any CPU.Build.0 = Release|Any CPU
		{B1D773FE-367E-4471-81A5-5A74396F7171}.Debug|Any CPU.ActiveCfg = Debug|Any CPU
		{B1D773FE-367E-4471-81A5-5A74396F7171}.Debug|Any CPU.Build.0 = Debug|Any CPU
		{B1D773FE-367E-4471-81A5-5A74396F7171}.Release|Any CPU.ActiveCfg = Release|Any CPU
		{B1D773FE-367E-4471-81A5-5A74396F7171}.Release|Any CPU.Build.0 = Release|Any CPU
		{1BB50FC3-EBA2-477A-8D7A-569D7D7E1850}.Debug|Any CPU.ActiveCfg = Debug|Any CPU
		{1BB50FC3-EBA2-477A-8D7A-569D7D7E1850}.Debug|Any CPU.Build.0 = Debug|Any CPU
		{1BB50FC3-EBA2-477A-8D7A-569D7D7E1850}.Release|Any CPU.ActiveCfg = Release|Any CPU
		{1BB50FC3-EBA2-477A-8D7A-569D7D7E1850}.Release|Any CPU.Build.0 = Release|Any CPU
		{DA8C3873-00F6-4E9E-91A1-92C63EB50198}.Debug|Any CPU.ActiveCfg = Debug|Any CPU
		{DA8C3873-00F6-4E9E-91A1-92C63EB50198}.Debug|Any CPU.Build.0 = Debug|Any CPU
		{DA8C3873-00F6-4E9E-91A1-92C63EB50198}.Release|Any CPU.ActiveCfg = Release|Any CPU
		{DA8C3873-00F6-4E9E-91A1-92C63EB50198}.Release|Any CPU.Build.0 = Release|Any CPU
		{644F94BF-7650-4C98-8BF5-CCE7B082EAE6}.Debug|Any CPU.ActiveCfg = Debug|Any CPU
		{644F94BF-7650-4C98-8BF5-CCE7B082EAE6}.Debug|Any CPU.Build.0 = Debug|Any CPU
		{644F94BF-7650-4C98-8BF5-CCE7B082EAE6}.Release|Any CPU.ActiveCfg = Release|Any CPU
		{644F94BF-7650-4C98-8BF5-CCE7B082EAE6}.Release|Any CPU.Build.0 = Release|Any CPU
		{00B4AB82-5754-4DCE-83F8-609CF4C2D811}.Debug|Any CPU.ActiveCfg = Debug|Any CPU
		{00B4AB82-5754-4DCE-83F8-609CF4C2D811}.Debug|Any CPU.Build.0 = Debug|Any CPU
		{00B4AB82-5754-4DCE-83F8-609CF4C2D811}.Release|Any CPU.ActiveCfg = Release|Any CPU
		{00B4AB82-5754-4DCE-83F8-609CF4C2D811}.Release|Any CPU.Build.0 = Release|Any CPU
		{CF18AF45-816E-43D8-882D-A433953FDBBE}.Debug|Any CPU.ActiveCfg = Debug|Any CPU
		{CF18AF45-816E-43D8-882D-A433953FDBBE}.Debug|Any CPU.Build.0 = Debug|Any CPU
		{CF18AF45-816E-43D8-882D-A433953FDBBE}.Release|Any CPU.ActiveCfg = Release|Any CPU
		{CF18AF45-816E-43D8-882D-A433953FDBBE}.Release|Any CPU.Build.0 = Release|Any CPU
		{408220C0-5974-4E1F-8EC1-5771C8EAE9F5}.Debug|Any CPU.ActiveCfg = Debug|Any CPU
		{408220C0-5974-4E1F-8EC1-5771C8EAE9F5}.Debug|Any CPU.Build.0 = Debug|Any CPU
		{408220C0-5974-4E1F-8EC1-5771C8EAE9F5}.Release|Any CPU.ActiveCfg = Release|Any CPU
		{408220C0-5974-4E1F-8EC1-5771C8EAE9F5}.Release|Any CPU.Build.0 = Release|Any CPU
		{1577A944-FCE5-45A5-808F-501EA5EA7E5F}.Debug|Any CPU.ActiveCfg = Debug|Any CPU
		{1577A944-FCE5-45A5-808F-501EA5EA7E5F}.Debug|Any CPU.Build.0 = Debug|Any CPU
		{1577A944-FCE5-45A5-808F-501EA5EA7E5F}.Release|Any CPU.ActiveCfg = Release|Any CPU
		{1577A944-FCE5-45A5-808F-501EA5EA7E5F}.Release|Any CPU.Build.0 = Release|Any CPU
		{FC239F7F-63CE-4C00-984B-3EDAE5505BBC}.Debug|Any CPU.ActiveCfg = Debug|Any CPU
		{FC239F7F-63CE-4C00-984B-3EDAE5505BBC}.Debug|Any CPU.Build.0 = Debug|Any CPU
		{FC239F7F-63CE-4C00-984B-3EDAE5505BBC}.Release|Any CPU.ActiveCfg = Release|Any CPU
		{FC239F7F-63CE-4C00-984B-3EDAE5505BBC}.Release|Any CPU.Build.0 = Release|Any CPU
		{06AE84EB-92B3-493D-93E5-D66B79D6AD72}.Debug|Any CPU.ActiveCfg = Debug|Any CPU
		{06AE84EB-92B3-493D-93E5-D66B79D6AD72}.Debug|Any CPU.Build.0 = Debug|Any CPU
		{06AE84EB-92B3-493D-93E5-D66B79D6AD72}.Release|Any CPU.ActiveCfg = Release|Any CPU
		{06AE84EB-92B3-493D-93E5-D66B79D6AD72}.Release|Any CPU.Build.0 = Release|Any CPU
		{44360451-86E3-4277-8D0D-436400775DC9}.Debug|Any CPU.ActiveCfg = Debug|Any CPU
		{44360451-86E3-4277-8D0D-436400775DC9}.Debug|Any CPU.Build.0 = Debug|Any CPU
		{44360451-86E3-4277-8D0D-436400775DC9}.Release|Any CPU.ActiveCfg = Release|Any CPU
		{44360451-86E3-4277-8D0D-436400775DC9}.Release|Any CPU.Build.0 = Release|Any CPU
		{6FD49E69-BB0F-48EA-9559-18C93509EFE6}.Debug|Any CPU.ActiveCfg = Debug|Any CPU
		{6FD49E69-BB0F-48EA-9559-18C93509EFE6}.Debug|Any CPU.Build.0 = Debug|Any CPU
		{6FD49E69-BB0F-48EA-9559-18C93509EFE6}.Release|Any CPU.ActiveCfg = Release|Any CPU
		{6FD49E69-BB0F-48EA-9559-18C93509EFE6}.Release|Any CPU.Build.0 = Release|Any CPU
		{EE01118F-ED7E-4074-8F17-F50FE75EAB8A}.Debug|Any CPU.ActiveCfg = Debug|Any CPU
		{EE01118F-ED7E-4074-8F17-F50FE75EAB8A}.Debug|Any CPU.Build.0 = Debug|Any CPU
		{EE01118F-ED7E-4074-8F17-F50FE75EAB8A}.Release|Any CPU.ActiveCfg = Release|Any CPU
		{EE01118F-ED7E-4074-8F17-F50FE75EAB8A}.Release|Any CPU.Build.0 = Release|Any CPU
		{25ED5803-FA1D-4158-AB95-31C62D4447DC}.Debug|Any CPU.ActiveCfg = Debug|Any CPU
		{25ED5803-FA1D-4158-AB95-31C62D4447DC}.Debug|Any CPU.Build.0 = Debug|Any CPU
		{25ED5803-FA1D-4158-AB95-31C62D4447DC}.Release|Any CPU.ActiveCfg = Release|Any CPU
		{25ED5803-FA1D-4158-AB95-31C62D4447DC}.Release|Any CPU.Build.0 = Release|Any CPU
		{DABE5421-FD0D-4F7C-9023-E0C79301A6D0}.Debug|Any CPU.ActiveCfg = Debug|Any CPU
		{DABE5421-FD0D-4F7C-9023-E0C79301A6D0}.Debug|Any CPU.Build.0 = Debug|Any CPU
		{DABE5421-FD0D-4F7C-9023-E0C79301A6D0}.Release|Any CPU.ActiveCfg = Release|Any CPU
		{DABE5421-FD0D-4F7C-9023-E0C79301A6D0}.Release|Any CPU.Build.0 = Release|Any CPU
	EndGlobalSection
	GlobalSection(SolutionProperties) = preSolution
		HideSolutionNode = FALSE
	EndGlobalSection
	GlobalSection(NestedProjects) = preSolution
		{9E151E56-BE25-460A-BE85-9CB4C4DC5FDA} = {6BE2F824-2AC4-4050-AA7A-AD0F4119F391}
		{5B56ECA4-7F08-4A7E-A95D-836309B83509} = {3C147EE5-5838-4CCD-8807-B98C4ED97076}
		{B4C98C98-F969-4D9C-A9D0-E50D4FC6F7F7} = {3C147EE5-5838-4CCD-8807-B98C4ED97076}
		{2B025165-B39A-4881-9F44-E984CFDABE4E} = {3C147EE5-5838-4CCD-8807-B98C4ED97076}
		{5E85C172-C04A-4751-A0A2-B6AFF6E0B9C6} = {6BE2F824-2AC4-4050-AA7A-AD0F4119F391}
		{2A604E55-246A-49A2-AD99-E91F4E1FC950} = {6BE2F824-2AC4-4050-AA7A-AD0F4119F391}
		{2AB8BA23-9581-4128-8A03-303E82FFFAC5} = {6BE2F824-2AC4-4050-AA7A-AD0F4119F391}
		{ACCA5E40-CEE2-4C51-A8D2-5E05FF19D742} = {6BE2F824-2AC4-4050-AA7A-AD0F4119F391}
		{D3B33142-6154-45B5-A2E9-AC3940B49455} = {6BE2F824-2AC4-4050-AA7A-AD0F4119F391}
		{6B32DD19-1BEE-4D8A-BAFF-6A1705271695} = {6BE2F824-2AC4-4050-AA7A-AD0F4119F391}
		{DA8C3873-00F6-4E9E-91A1-92C63EB50198} = {6BE2F824-2AC4-4050-AA7A-AD0F4119F391}
		{644F94BF-7650-4C98-8BF5-CCE7B082EAE6} = {6BE2F824-2AC4-4050-AA7A-AD0F4119F391}
		{00B4AB82-5754-4DCE-83F8-609CF4C2D811} = {6BE2F824-2AC4-4050-AA7A-AD0F4119F391}
		{FC239F7F-63CE-4C00-984B-3EDAE5505BBC} = {6BE2F824-2AC4-4050-AA7A-AD0F4119F391}
		{06AE84EB-92B3-493D-93E5-D66B79D6AD72} = {6BE2F824-2AC4-4050-AA7A-AD0F4119F391}
		{E90ECC0A-E98E-43B4-AA11-2052158DF9ED} = {7DBC5232-A207-40CB-B17C-73FB3ECF1FF5}
		{1577A944-FCE5-45A5-808F-501EA5EA7E5F} = {7DBC5232-A207-40CB-B17C-73FB3ECF1FF5}
		{B1D773FE-367E-4471-81A5-5A74396F7171} = {7DBC5232-A207-40CB-B17C-73FB3ECF1FF5}
		{1BB50FC3-EBA2-477A-8D7A-569D7D7E1850} = {7DBC5232-A207-40CB-B17C-73FB3ECF1FF5}
		{43E9D50B-71E2-4477-8432-3D624C053F48} = {7DBC5232-A207-40CB-B17C-73FB3ECF1FF5}
		{408220C0-5974-4E1F-8EC1-5771C8EAE9F5} = {7DBC5232-A207-40CB-B17C-73FB3ECF1FF5}
		{62005B85-5871-459D-B91B-07294BD73BE4} = {91F9C11A-778B-414B-81AF-26A742E39E65}
		{CF18AF45-816E-43D8-882D-A433953FDBBE} = {91F9C11A-778B-414B-81AF-26A742E39E65}
		{7DBC5232-A207-40CB-B17C-73FB3ECF1FF5} = {975B2577-1364-4568-8B2B-823FD61F54E6}
		{6BE2F824-2AC4-4050-AA7A-AD0F4119F391} = {975B2577-1364-4568-8B2B-823FD61F54E6}
		{91F9C11A-778B-414B-81AF-26A742E39E65} = {975B2577-1364-4568-8B2B-823FD61F54E6}
		{44360451-86E3-4277-8D0D-436400775DC9} = {3C147EE5-5838-4CCD-8807-B98C4ED97076}
		{6FD49E69-BB0F-48EA-9559-18C93509EFE6} = {A372A52E-55A8-4077-A2E0-308958473DE8}
		{F5EB19D9-24A9-4177-BEBF-4F3108A13E43} = {B0FE2B7B-B293-42E2-9E0E-BA046688FDE6}
		{EE01118F-ED7E-4074-8F17-F50FE75EAB8A} = {3C147EE5-5838-4CCD-8807-B98C4ED97076}
		{25ED5803-FA1D-4158-AB95-31C62D4447DC} = {6BE2F824-2AC4-4050-AA7A-AD0F4119F391}
		{DABE5421-FD0D-4F7C-9023-E0C79301A6D0} = {7DBC5232-A207-40CB-B17C-73FB3ECF1FF5}
		{7B114F02-7081-4D67-B4FD-9C45EECA9994} = {6BE2F824-2AC4-4050-AA7A-AD0F4119F391}
		{F88DE75A-9C8F-4581-83BC-048D2E519FC4} = {6BE2F824-2AC4-4050-AA7A-AD0F4119F391}
	EndGlobalSection
	GlobalSection(ExtensibilityGlobals) = postSolution
		SolutionGuid = {66DC9422-F311-4F0B-B669-FA3DD849CD9F}
	EndGlobalSection
EndGlobal
